
Microsoft Visual Studio Solution File, Format Version 12.00
# Visual Studio Express 2013 for Windows Desktop
VisualStudioVersion = 12.0.21005.1
MinimumVisualStudioVersion = 10.0.40219.1
Project("{2150E333-8FDC-42A3-9474-1A3956D46DE8}") = "Solution Items", "Solution Items", "{988D8B65-6960-46A4-BB08-61DD52EDF3FE}"
	ProjectSection(SolutionItems) = preProject
		Local.testsettings = Local.testsettings
		ProjectTo.vsmdi = ProjectTo.vsmdi
		TraceAndTestImpact.testsettings = TraceAndTestImpact.testsettings
	EndProjectSection
EndProject
Project("{FAE04EC0-301F-11D3-BF4B-00C04F79EFBC}") = "ProjectTo.Demo", "ProjectTo.Demo\ProjectTo.Demo.csproj", "{BFBC1DC2-3301-4168-8AFA-1D6F2A34B570}"
EndProject
Project("{FAE04EC0-301F-11D3-BF4B-00C04F79EFBC}") = "ProjectTo.Tests", "ProjectTo.Tests\ProjectTo.Tests.csproj", "{4CBD0E55-4D17-4A7E-A0AB-5CAF8A2469DF}"
EndProject
Project("{FAE04EC0-301F-11D3-BF4B-00C04F79EFBC}") = "ProjectTo", "ProjectTo\ProjectTo.csproj", "{E319E034-BFA3-4E6D-8CB3-E3F84939F06C}"
EndProject
Global
	GlobalSection(SolutionConfigurationPlatforms) = preSolution
		Debug|Any CPU = Debug|Any CPU
		Debug|x86 = Debug|x86
		Release|Any CPU = Release|Any CPU
		Release|x86 = Release|x86
	EndGlobalSection
	GlobalSection(ProjectConfigurationPlatforms) = postSolution
		{BFBC1DC2-3301-4168-8AFA-1D6F2A34B570}.Debug|Any CPU.ActiveCfg = Debug|Any CPU
		{BFBC1DC2-3301-4168-8AFA-1D6F2A34B570}.Debug|Any CPU.Build.0 = Debug|Any CPU
		{BFBC1DC2-3301-4168-8AFA-1D6F2A34B570}.Debug|x86.ActiveCfg = Debug|x86
		{BFBC1DC2-3301-4168-8AFA-1D6F2A34B570}.Debug|x86.Build.0 = Debug|x86
		{BFBC1DC2-3301-4168-8AFA-1D6F2A34B570}.Release|Any CPU.ActiveCfg = Release|Any CPU
		{BFBC1DC2-3301-4168-8AFA-1D6F2A34B570}.Release|Any CPU.Build.0 = Release|Any CPU
		{BFBC1DC2-3301-4168-8AFA-1D6F2A34B570}.Release|x86.ActiveCfg = Release|x86
		{BFBC1DC2-3301-4168-8AFA-1D6F2A34B570}.Release|x86.Build.0 = Release|x86
		{4CBD0E55-4D17-4A7E-A0AB-5CAF8A2469DF}.Debug|Any CPU.ActiveCfg = Debug|Any CPU
		{4CBD0E55-4D17-4A7E-A0AB-5CAF8A2469DF}.Debug|Any CPU.Build.0 = Debug|Any CPU
		{4CBD0E55-4D17-4A7E-A0AB-5CAF8A2469DF}.Debug|x86.ActiveCfg = Debug|Any CPU
		{4CBD0E55-4D17-4A7E-A0AB-5CAF8A2469DF}.Release|Any CPU.ActiveCfg = Release|Any CPU
		{4CBD0E55-4D17-4A7E-A0AB-5CAF8A2469DF}.Release|Any CPU.Build.0 = Release|Any CPU
		{4CBD0E55-4D17-4A7E-A0AB-5CAF8A2469DF}.Release|x86.ActiveCfg = Release|Any CPU
		{E319E034-BFA3-4E6D-8CB3-E3F84939F06C}.Debug|Any CPU.ActiveCfg = Debug|Any CPU
		{E319E034-BFA3-4E6D-8CB3-E3F84939F06C}.Debug|Any CPU.Build.0 = Debug|Any CPU
		{E319E034-BFA3-4E6D-8CB3-E3F84939F06C}.Debug|x86.ActiveCfg = Debug|Any CPU
		{E319E034-BFA3-4E6D-8CB3-E3F84939F06C}.Release|Any CPU.ActiveCfg = Release|Any CPU
		{E319E034-BFA3-4E6D-8CB3-E3F84939F06C}.Release|Any CPU.Build.0 = Release|Any CPU
		{E319E034-BFA3-4E6D-8CB3-E3F84939F06C}.Release|x86.ActiveCfg = Release|Any CPU
	EndGlobalSection
	GlobalSection(SolutionProperties) = preSolution
		HideSolutionNode = FALSE
	EndGlobalSection
	GlobalSection(TestCaseManagementSettings) = postSolution
		CategoryFile = CodePlex.LinqProjector.vsmdi
	EndGlobalSection
EndGlobal
